
Microsoft Visual Studio Solution File, Format Version 12.00
# Visual Studio Version 17
VisualStudioVersion = 17.8.34330.188
MinimumVisualStudioVersion = 10.0.40219.1
Project("{FAE04EC0-301F-11D3-BF4B-00C04F79EFBC}") = "GUI", "KaraokeICOOL\GUI.csproj", "{D5343E05-FB2B-4B4E-BAF9-C8AB765970AE}"
EndProject
Project("{FAE04EC0-301F-11D3-BF4B-00C04F79EFBC}") = "DAL", "DAL\DAL.csproj", "{8F92B9C6-1639-47DE-800F-6DB8F6E393D4}"
EndProject
Project("{FAE04EC0-301F-11D3-BF4B-00C04F79EFBC}") = "BLL", "BLL\BLL.csproj", "{AE5815DD-7896-4597-BBDE-CA71B9C1D009}"
EndProject
Global
	GlobalSection(SolutionConfigurationPlatforms) = preSolution
		Debug|Any CPU = Debug|Any CPU
		Release|Any CPU = Release|Any CPU
	EndGlobalSection
	GlobalSection(ProjectConfigurationPlatforms) = postSolution
		{D5343E05-FB2B-4B4E-BAF9-C8AB765970AE}.Debug|Any CPU.ActiveCfg = Debug|Any CPU
		{D5343E05-FB2B-4B4E-BAF9-C8AB765970AE}.Debug|Any CPU.Build.0 = Debug|Any CPU
		{D5343E05-FB2B-4B4E-BAF9-C8AB765970AE}.Release|Any CPU.ActiveCfg = Release|Any CPU
		{D5343E05-FB2B-4B4E-BAF9-C8AB765970AE}.Release|Any CPU.Build.0 = Release|Any CPU
		{8F92B9C6-1639-47DE-800F-6DB8F6E393D4}.Debug|Any CPU.ActiveCfg = Debug|Any CPU
		{8F92B9C6-1639-47DE-800F-6DB8F6E393D4}.Debug|Any CPU.Build.0 = Debug|Any CPU
		{8F92B9C6-1639-47DE-800F-6DB8F6E393D4}.Release|Any CPU.ActiveCfg = Release|Any CPU
		{8F92B9C6-1639-47DE-800F-6DB8F6E393D4}.Release|Any CPU.Build.0 = Release|Any CPU
		{AE5815DD-7896-4597-BBDE-CA71B9C1D009}.Debug|Any CPU.ActiveCfg = Debug|Any CPU
		{AE5815DD-7896-4597-BBDE-CA71B9C1D009}.Debug|Any CPU.Build.0 = Debug|Any CPU
		{AE5815DD-7896-4597-BBDE-CA71B9C1D009}.Release|Any CPU.ActiveCfg = Release|Any CPU
		{AE5815DD-7896-4597-BBDE-CA71B9C1D009}.Release|Any CPU.Build.0 = Release|Any CPU
	EndGlobalSection
	GlobalSection(SolutionProperties) = preSolution
		HideSolutionNode = FALSE
	EndGlobalSection
	GlobalSection(ExtensibilityGlobals) = postSolution
		SolutionGuid = {8BE4C51D-F294-45F8-BE60-B8FBD74850D8}
	EndGlobalSection
EndGlobal
